// !$*UTF8*$!
{
	archiveVersion = 1;
	classes = {
	};
	objectVersion = 56;
	objects = {

/* Begin PBXBuildFile section */
		7E9C59DF2A94BDD800231F21 /* iOS_Carrefour_ChallengeApp.swift in Sources */ = {isa = PBXBuildFile; fileRef = 7E9C59DE2A94BDD800231F21 /* iOS_Carrefour_ChallengeApp.swift */; };
		7E9C59E12A94BDD800231F21 /* MainView.swift in Sources */ = {isa = PBXBuildFile; fileRef = 7E9C59E02A94BDD800231F21 /* MainView.swift */; };
		7E9C59E32A94BDDC00231F21 /* Assets.xcassets in Resources */ = {isa = PBXBuildFile; fileRef = 7E9C59E22A94BDDC00231F21 /* Assets.xcassets */; };
		7E9C59E62A94BDDC00231F21 /* Preview Assets.xcassets in Resources */ = {isa = PBXBuildFile; fileRef = 7E9C59E52A94BDDC00231F21 /* Preview Assets.xcassets */; };
		7E9C59F02A94BDDC00231F21 /* iOS_Carrefour_ChallengeTests.swift in Sources */ = {isa = PBXBuildFile; fileRef = 7E9C59EF2A94BDDC00231F21 /* iOS_Carrefour_ChallengeTests.swift */; };
		7E9C59FA2A94BDDD00231F21 /* iOS_Carrefour_ChallengeUITests.swift in Sources */ = {isa = PBXBuildFile; fileRef = 7E9C59F92A94BDDD00231F21 /* iOS_Carrefour_ChallengeUITests.swift */; };
		7E9C59FC2A94BDDD00231F21 /* iOS_Carrefour_ChallengeUITestsLaunchTests.swift in Sources */ = {isa = PBXBuildFile; fileRef = 7E9C59FB2A94BDDD00231F21 /* iOS_Carrefour_ChallengeUITestsLaunchTests.swift */; };
		7E9C5A0A2A94C09700231F21 /* UserEntity.swift in Sources */ = {isa = PBXBuildFile; fileRef = 7E9C5A092A94C09700231F21 /* UserEntity.swift */; };
		7E9C5A0C2A94C5CD00231F21 /* UserDetailEntity.swift in Sources */ = {isa = PBXBuildFile; fileRef = 7E9C5A0B2A94C5CD00231F21 /* UserDetailEntity.swift */; };
		7E9C5A0E2A94C5D900231F21 /* UserReposEntity.swift in Sources */ = {isa = PBXBuildFile; fileRef = 7E9C5A0D2A94C5D900231F21 /* UserReposEntity.swift */; };
		7E9C5A102A94C88A00231F21 /* UserTileView.swift in Sources */ = {isa = PBXBuildFile; fileRef = 7E9C5A0F2A94C88A00231F21 /* UserTileView.swift */; };
		7E9C5A122A94D0E200231F21 /* RequestManager.swift in Sources */ = {isa = PBXBuildFile; fileRef = 7E9C5A112A94D0E200231F21 /* RequestManager.swift */; };
		7E9C5A142A94D47800231F21 /* UsersListView.swift in Sources */ = {isa = PBXBuildFile; fileRef = 7E9C5A132A94D47800231F21 /* UsersListView.swift */; };
		7E9C5A162A94D78900231F21 /* HomeTabView.swift in Sources */ = {isa = PBXBuildFile; fileRef = 7E9C5A152A94D78900231F21 /* HomeTabView.swift */; };
		7E9C5A182A94D8F100231F21 /* UsersTabView.swift in Sources */ = {isa = PBXBuildFile; fileRef = 7E9C5A172A94D8F100231F21 /* UsersTabView.swift */; };
		7E9C5A1A2A94F13700231F21 /* UsersGridView.swift in Sources */ = {isa = PBXBuildFile; fileRef = 7E9C5A192A94F13700231F21 /* UsersGridView.swift */; };
		7E9C5A1F2A94F7B600231F21 /* Enums.swift in Sources */ = {isa = PBXBuildFile; fileRef = 7E9C5A1E2A94F7B600231F21 /* Enums.swift */; };
		7E9C5A222A94F80100231F21 /* Strings.swift in Sources */ = {isa = PBXBuildFile; fileRef = 7E9C5A212A94F80100231F21 /* Strings.swift */; };
/* End PBXBuildFile section */

/* Begin PBXContainerItemProxy section */
		7E9C59EC2A94BDDC00231F21 /* PBXContainerItemProxy */ = {
			isa = PBXContainerItemProxy;
			containerPortal = 7E9C59D32A94BDD800231F21 /* Project object */;
			proxyType = 1;
			remoteGlobalIDString = 7E9C59DA2A94BDD800231F21;
			remoteInfo = "iOS Carrefour Challenge";
		};
		7E9C59F62A94BDDC00231F21 /* PBXContainerItemProxy */ = {
			isa = PBXContainerItemProxy;
			containerPortal = 7E9C59D32A94BDD800231F21 /* Project object */;
			proxyType = 1;
			remoteGlobalIDString = 7E9C59DA2A94BDD800231F21;
			remoteInfo = "iOS Carrefour Challenge";
		};
/* End PBXContainerItemProxy section */

/* Begin PBXFileReference section */
		7E9C59DB2A94BDD800231F21 /* iOS Carrefour Challenge.app */ = {isa = PBXFileReference; explicitFileType = wrapper.application; includeInIndex = 0; path = "iOS Carrefour Challenge.app"; sourceTree = BUILT_PRODUCTS_DIR; };
		7E9C59DE2A94BDD800231F21 /* iOS_Carrefour_ChallengeApp.swift */ = {isa = PBXFileReference; lastKnownFileType = sourcecode.swift; path = iOS_Carrefour_ChallengeApp.swift; sourceTree = "<group>"; };
		7E9C59E02A94BDD800231F21 /* MainView.swift */ = {isa = PBXFileReference; lastKnownFileType = sourcecode.swift; path = MainView.swift; sourceTree = "<group>"; };
		7E9C59E22A94BDDC00231F21 /* Assets.xcassets */ = {isa = PBXFileReference; lastKnownFileType = folder.assetcatalog; path = Assets.xcassets; sourceTree = "<group>"; };
		7E9C59E52A94BDDC00231F21 /* Preview Assets.xcassets */ = {isa = PBXFileReference; lastKnownFileType = folder.assetcatalog; path = "Preview Assets.xcassets"; sourceTree = "<group>"; };
		7E9C59EB2A94BDDC00231F21 /* iOS Carrefour ChallengeTests.xctest */ = {isa = PBXFileReference; explicitFileType = wrapper.cfbundle; includeInIndex = 0; path = "iOS Carrefour ChallengeTests.xctest"; sourceTree = BUILT_PRODUCTS_DIR; };
		7E9C59EF2A94BDDC00231F21 /* iOS_Carrefour_ChallengeTests.swift */ = {isa = PBXFileReference; lastKnownFileType = sourcecode.swift; path = iOS_Carrefour_ChallengeTests.swift; sourceTree = "<group>"; };
		7E9C59F52A94BDDC00231F21 /* iOS Carrefour ChallengeUITests.xctest */ = {isa = PBXFileReference; explicitFileType = wrapper.cfbundle; includeInIndex = 0; path = "iOS Carrefour ChallengeUITests.xctest"; sourceTree = BUILT_PRODUCTS_DIR; };
		7E9C59F92A94BDDD00231F21 /* iOS_Carrefour_ChallengeUITests.swift */ = {isa = PBXFileReference; lastKnownFileType = sourcecode.swift; path = iOS_Carrefour_ChallengeUITests.swift; sourceTree = "<group>"; };
		7E9C59FB2A94BDDD00231F21 /* iOS_Carrefour_ChallengeUITestsLaunchTests.swift */ = {isa = PBXFileReference; lastKnownFileType = sourcecode.swift; path = iOS_Carrefour_ChallengeUITestsLaunchTests.swift; sourceTree = "<group>"; };
		7E9C5A092A94C09700231F21 /* UserEntity.swift */ = {isa = PBXFileReference; lastKnownFileType = sourcecode.swift; path = UserEntity.swift; sourceTree = "<group>"; };
		7E9C5A0B2A94C5CD00231F21 /* UserDetailEntity.swift */ = {isa = PBXFileReference; lastKnownFileType = sourcecode.swift; path = UserDetailEntity.swift; sourceTree = "<group>"; };
		7E9C5A0D2A94C5D900231F21 /* UserReposEntity.swift */ = {isa = PBXFileReference; lastKnownFileType = sourcecode.swift; path = UserReposEntity.swift; sourceTree = "<group>"; };
		7E9C5A0F2A94C88A00231F21 /* UserTileView.swift */ = {isa = PBXFileReference; lastKnownFileType = sourcecode.swift; path = UserTileView.swift; sourceTree = "<group>"; };
		7E9C5A112A94D0E200231F21 /* RequestManager.swift */ = {isa = PBXFileReference; lastKnownFileType = sourcecode.swift; path = RequestManager.swift; sourceTree = "<group>"; };
		7E9C5A132A94D47800231F21 /* UsersListView.swift */ = {isa = PBXFileReference; lastKnownFileType = sourcecode.swift; path = UsersListView.swift; sourceTree = "<group>"; };
		7E9C5A152A94D78900231F21 /* HomeTabView.swift */ = {isa = PBXFileReference; lastKnownFileType = sourcecode.swift; path = HomeTabView.swift; sourceTree = "<group>"; };
		7E9C5A172A94D8F100231F21 /* UsersTabView.swift */ = {isa = PBXFileReference; lastKnownFileType = sourcecode.swift; path = UsersTabView.swift; sourceTree = "<group>"; };
		7E9C5A192A94F13700231F21 /* UsersGridView.swift */ = {isa = PBXFileReference; lastKnownFileType = sourcecode.swift; path = UsersGridView.swift; sourceTree = "<group>"; };
		7E9C5A1E2A94F7B600231F21 /* Enums.swift */ = {isa = PBXFileReference; lastKnownFileType = sourcecode.swift; path = Enums.swift; sourceTree = "<group>"; };
		7E9C5A212A94F80100231F21 /* Strings.swift */ = {isa = PBXFileReference; lastKnownFileType = sourcecode.swift; path = Strings.swift; sourceTree = "<group>"; };
/* End PBXFileReference section */

/* Begin PBXFrameworksBuildPhase section */
		7E9C59D82A94BDD800231F21 /* Frameworks */ = {
			isa = PBXFrameworksBuildPhase;
			buildActionMask = 2147483647;
			files = (
			);
			runOnlyForDeploymentPostprocessing = 0;
		};
		7E9C59E82A94BDDC00231F21 /* Frameworks */ = {
			isa = PBXFrameworksBuildPhase;
			buildActionMask = 2147483647;
			files = (
			);
			runOnlyForDeploymentPostprocessing = 0;
		};
		7E9C59F22A94BDDC00231F21 /* Frameworks */ = {
			isa = PBXFrameworksBuildPhase;
			buildActionMask = 2147483647;
			files = (
			);
			runOnlyForDeploymentPostprocessing = 0;
		};
/* End PBXFrameworksBuildPhase section */

/* Begin PBXGroup section */
		7E9C59D22A94BDD800231F21 = {
			isa = PBXGroup;
			children = (
				7E9C59DD2A94BDD800231F21 /* iOS Carrefour Challenge */,
				7E9C59EE2A94BDDC00231F21 /* iOS Carrefour ChallengeTests */,
				7E9C59F82A94BDDC00231F21 /* iOS Carrefour ChallengeUITests */,
				7E9C59DC2A94BDD800231F21 /* Products */,
			);
			sourceTree = "<group>";
		};
		7E9C59DC2A94BDD800231F21 /* Products */ = {
			isa = PBXGroup;
			children = (
				7E9C59DB2A94BDD800231F21 /* iOS Carrefour Challenge.app */,
				7E9C59EB2A94BDDC00231F21 /* iOS Carrefour ChallengeTests.xctest */,
				7E9C59F52A94BDDC00231F21 /* iOS Carrefour ChallengeUITests.xctest */,
			);
			name = Products;
			sourceTree = "<group>";
		};
		7E9C59DD2A94BDD800231F21 /* iOS Carrefour Challenge */ = {
			isa = PBXGroup;
			children = (
				7E9C59DE2A94BDD800231F21 /* iOS_Carrefour_ChallengeApp.swift */,
				7E9C59E02A94BDD800231F21 /* MainView.swift */,
				7E9C5A1B2A94F71700231F21 /* Views */,
				7E9C5A082A94C06D00231F21 /* Data */,
				7E9C5A1D2A94F75E00231F21 /* RequestManager */,
				7E9C5A202A94F7D500231F21 /* Globals */,
				7E9C59E22A94BDDC00231F21 /* Assets.xcassets */,
				7E9C59E42A94BDDC00231F21 /* Preview Content */,
			);
			path = "iOS Carrefour Challenge";
			sourceTree = "<group>";
		};
		7E9C59E42A94BDDC00231F21 /* Preview Content */ = {
			isa = PBXGroup;
			children = (
				7E9C59E52A94BDDC00231F21 /* Preview Assets.xcassets */,
			);
			path = "Preview Content";
			sourceTree = "<group>";
		};
		7E9C59EE2A94BDDC00231F21 /* iOS Carrefour ChallengeTests */ = {
			isa = PBXGroup;
			children = (
				7E9C59EF2A94BDDC00231F21 /* iOS_Carrefour_ChallengeTests.swift */,
			);
			path = "iOS Carrefour ChallengeTests";
			sourceTree = "<group>";
		};
		7E9C59F82A94BDDC00231F21 /* iOS Carrefour ChallengeUITests */ = {
			isa = PBXGroup;
			children = (
				7E9C59F92A94BDDD00231F21 /* iOS_Carrefour_ChallengeUITests.swift */,
				7E9C59FB2A94BDDD00231F21 /* iOS_Carrefour_ChallengeUITestsLaunchTests.swift */,
			);
			path = "iOS Carrefour ChallengeUITests";
			sourceTree = "<group>";
		};
		7E9C5A082A94C06D00231F21 /* Data */ = {
			isa = PBXGroup;
			children = (
				7E9C5A092A94C09700231F21 /* UserEntity.swift */,
				7E9C5A0B2A94C5CD00231F21 /* UserDetailEntity.swift */,
				7E9C5A0D2A94C5D900231F21 /* UserReposEntity.swift */,
			);
			path = Data;
			sourceTree = "<group>";
		};
		7E9C5A1B2A94F71700231F21 /* Views */ = {
			isa = PBXGroup;
			children = (
				7E9C5A1C2A94F74400231F21 /* Tabs */,
				7E9C5A0F2A94C88A00231F21 /* UserTileView.swift */,
				7E9C5A132A94D47800231F21 /* UsersListView.swift */,
				7E9C5A192A94F13700231F21 /* UsersGridView.swift */,
			);
			path = Views;
			sourceTree = "<group>";
		};
		7E9C5A1C2A94F74400231F21 /* Tabs */ = {
			isa = PBXGroup;
			children = (
				7E9C5A152A94D78900231F21 /* HomeTabView.swift */,
				7E9C5A172A94D8F100231F21 /* UsersTabView.swift */,
			);
			path = Tabs;
			sourceTree = "<group>";
		};
		7E9C5A1D2A94F75E00231F21 /* RequestManager */ = {
			isa = PBXGroup;
			children = (
				7E9C5A112A94D0E200231F21 /* RequestManager.swift */,
			);
			path = RequestManager;
			sourceTree = "<group>";
		};
		7E9C5A202A94F7D500231F21 /* Globals */ = {
			isa = PBXGroup;
			children = (
				7E9C5A1E2A94F7B600231F21 /* Enums.swift */,
				7E9C5A212A94F80100231F21 /* Strings.swift */,
			);
			path = Globals;
			sourceTree = "<group>";
		};
/* End PBXGroup section */

/* Begin PBXNativeTarget section */
		7E9C59DA2A94BDD800231F21 /* iOS Carrefour Challenge */ = {
			isa = PBXNativeTarget;
			buildConfigurationList = 7E9C59FF2A94BDDD00231F21 /* Build configuration list for PBXNativeTarget "iOS Carrefour Challenge" */;
			buildPhases = (
				7E9C59D72A94BDD800231F21 /* Sources */,
				7E9C59D82A94BDD800231F21 /* Frameworks */,
				7E9C59D92A94BDD800231F21 /* Resources */,
			);
			buildRules = (
			);
			dependencies = (
			);
			name = "iOS Carrefour Challenge";
			productName = "iOS Carrefour Challenge";
			productReference = 7E9C59DB2A94BDD800231F21 /* iOS Carrefour Challenge.app */;
			productType = "com.apple.product-type.application";
		};
		7E9C59EA2A94BDDC00231F21 /* iOS Carrefour ChallengeTests */ = {
			isa = PBXNativeTarget;
			buildConfigurationList = 7E9C5A022A94BDDD00231F21 /* Build configuration list for PBXNativeTarget "iOS Carrefour ChallengeTests" */;
			buildPhases = (
				7E9C59E72A94BDDC00231F21 /* Sources */,
				7E9C59E82A94BDDC00231F21 /* Frameworks */,
				7E9C59E92A94BDDC00231F21 /* Resources */,
			);
			buildRules = (
			);
			dependencies = (
				7E9C59ED2A94BDDC00231F21 /* PBXTargetDependency */,
			);
			name = "iOS Carrefour ChallengeTests";
			productName = "iOS Carrefour ChallengeTests";
			productReference = 7E9C59EB2A94BDDC00231F21 /* iOS Carrefour ChallengeTests.xctest */;
			productType = "com.apple.product-type.bundle.unit-test";
		};
		7E9C59F42A94BDDC00231F21 /* iOS Carrefour ChallengeUITests */ = {
			isa = PBXNativeTarget;
			buildConfigurationList = 7E9C5A052A94BDDD00231F21 /* Build configuration list for PBXNativeTarget "iOS Carrefour ChallengeUITests" */;
			buildPhases = (
				7E9C59F12A94BDDC00231F21 /* Sources */,
				7E9C59F22A94BDDC00231F21 /* Frameworks */,
				7E9C59F32A94BDDC00231F21 /* Resources */,
			);
			buildRules = (
			);
			dependencies = (
				7E9C59F72A94BDDC00231F21 /* PBXTargetDependency */,
			);
			name = "iOS Carrefour ChallengeUITests";
			productName = "iOS Carrefour ChallengeUITests";
			productReference = 7E9C59F52A94BDDC00231F21 /* iOS Carrefour ChallengeUITests.xctest */;
			productType = "com.apple.product-type.bundle.ui-testing";
		};
/* End PBXNativeTarget section */

/* Begin PBXProject section */
		7E9C59D32A94BDD800231F21 /* Project object */ = {
			isa = PBXProject;
			attributes = {
				BuildIndependentTargetsInParallel = 1;
				LastSwiftUpdateCheck = 1430;
				LastUpgradeCheck = 1430;
				TargetAttributes = {
					7E9C59DA2A94BDD800231F21 = {
						CreatedOnToolsVersion = 14.3;
					};
					7E9C59EA2A94BDDC00231F21 = {
						CreatedOnToolsVersion = 14.3;
						TestTargetID = 7E9C59DA2A94BDD800231F21;
					};
					7E9C59F42A94BDDC00231F21 = {
						CreatedOnToolsVersion = 14.3;
						TestTargetID = 7E9C59DA2A94BDD800231F21;
					};
				};
			};
			buildConfigurationList = 7E9C59D62A94BDD800231F21 /* Build configuration list for PBXProject "iOS Carrefour Challenge" */;
			compatibilityVersion = "Xcode 14.0";
			developmentRegion = en;
			hasScannedForEncodings = 0;
			knownRegions = (
				en,
				Base,
			);
			mainGroup = 7E9C59D22A94BDD800231F21;
			productRefGroup = 7E9C59DC2A94BDD800231F21 /* Products */;
			projectDirPath = "";
			projectRoot = "";
			targets = (
				7E9C59DA2A94BDD800231F21 /* iOS Carrefour Challenge */,
				7E9C59EA2A94BDDC00231F21 /* iOS Carrefour ChallengeTests */,
				7E9C59F42A94BDDC00231F21 /* iOS Carrefour ChallengeUITests */,
			);
		};
/* End PBXProject section */

/* Begin PBXResourcesBuildPhase section */
		7E9C59D92A94BDD800231F21 /* Resources */ = {
			isa = PBXResourcesBuildPhase;
			buildActionMask = 2147483647;
			files = (
				7E9C59E62A94BDDC00231F21 /* Preview Assets.xcassets in Resources */,
				7E9C59E32A94BDDC00231F21 /* Assets.xcassets in Resources */,
			);
			runOnlyForDeploymentPostprocessing = 0;
		};
		7E9C59E92A94BDDC00231F21 /* Resources */ = {
			isa = PBXResourcesBuildPhase;
			buildActionMask = 2147483647;
			files = (
			);
			runOnlyForDeploymentPostprocessing = 0;
		};
		7E9C59F32A94BDDC00231F21 /* Resources */ = {
			isa = PBXResourcesBuildPhase;
			buildActionMask = 2147483647;
			files = (
			);
			runOnlyForDeploymentPostprocessing = 0;
		};
/* End PBXResourcesBuildPhase section */

/* Begin PBXSourcesBuildPhase section */
		7E9C59D72A94BDD800231F21 /* Sources */ = {
			isa = PBXSourcesBuildPhase;
			buildActionMask = 2147483647;
			files = (
				7E9C5A0C2A94C5CD00231F21 /* UserDetailEntity.swift in Sources */,
				7E9C5A102A94C88A00231F21 /* UserTileView.swift in Sources */,
				7E9C59E12A94BDD800231F21 /* MainView.swift in Sources */,
				7E9C5A1A2A94F13700231F21 /* UsersGridView.swift in Sources */,
				7E9C5A162A94D78900231F21 /* HomeTabView.swift in Sources */,
				7E9C5A0A2A94C09700231F21 /* UserEntity.swift in Sources */,
				7E9C5A122A94D0E200231F21 /* RequestManager.swift in Sources */,
				7E9C5A222A94F80100231F21 /* Strings.swift in Sources */,
				7E9C59DF2A94BDD800231F21 /* iOS_Carrefour_ChallengeApp.swift in Sources */,
				7E9C5A0E2A94C5D900231F21 /* UserReposEntity.swift in Sources */,
				7E9C5A142A94D47800231F21 /* UsersListView.swift in Sources */,
				7E9C5A1F2A94F7B600231F21 /* Enums.swift in Sources */,
				7E9C5A182A94D8F100231F21 /* UsersTabView.swift in Sources */,
			);
			runOnlyForDeploymentPostprocessing = 0;
		};
		7E9C59E72A94BDDC00231F21 /* Sources */ = {
			isa = PBXSourcesBuildPhase;
			buildActionMask = 2147483647;
			files = (
				7E9C59F02A94BDDC00231F21 /* iOS_Carrefour_ChallengeTests.swift in Sources */,
			);
			runOnlyForDeploymentPostprocessing = 0;
		};
		7E9C59F12A94BDDC00231F21 /* Sources */ = {
			isa = PBXSourcesBuildPhase;
			buildActionMask = 2147483647;
			files = (
				7E9C59FC2A94BDDD00231F21 /* iOS_Carrefour_ChallengeUITestsLaunchTests.swift in Sources */,
				7E9C59FA2A94BDDD00231F21 /* iOS_Carrefour_ChallengeUITests.swift in Sources */,
			);
			runOnlyForDeploymentPostprocessing = 0;
		};
/* End PBXSourcesBuildPhase section */

/* Begin PBXTargetDependency section */
		7E9C59ED2A94BDDC00231F21 /* PBXTargetDependency */ = {
			isa = PBXTargetDependency;
			target = 7E9C59DA2A94BDD800231F21 /* iOS Carrefour Challenge */;
			targetProxy = 7E9C59EC2A94BDDC00231F21 /* PBXContainerItemProxy */;
		};
		7E9C59F72A94BDDC00231F21 /* PBXTargetDependency */ = {
			isa = PBXTargetDependency;
			target = 7E9C59DA2A94BDD800231F21 /* iOS Carrefour Challenge */;
			targetProxy = 7E9C59F62A94BDDC00231F21 /* PBXContainerItemProxy */;
		};
/* End PBXTargetDependency section */

/* Begin XCBuildConfiguration section */
		7E9C59FD2A94BDDD00231F21 /* Debug */ = {
			isa = XCBuildConfiguration;
			buildSettings = {
				ALWAYS_SEARCH_USER_PATHS = NO;
				CLANG_ANALYZER_NONNULL = YES;
				CLANG_ANALYZER_NUMBER_OBJECT_CONVERSION = YES_AGGRESSIVE;
				CLANG_CXX_LANGUAGE_STANDARD = "gnu++20";
				CLANG_ENABLE_MODULES = YES;
				CLANG_ENABLE_OBJC_ARC = YES;
				CLANG_ENABLE_OBJC_WEAK = YES;
				CLANG_WARN_BLOCK_CAPTURE_AUTORELEASING = YES;
				CLANG_WARN_BOOL_CONVERSION = YES;
				CLANG_WARN_COMMA = YES;
				CLANG_WARN_CONSTANT_CONVERSION = YES;
				CLANG_WARN_DEPRECATED_OBJC_IMPLEMENTATIONS = YES;
				CLANG_WARN_DIRECT_OBJC_ISA_USAGE = YES_ERROR;
				CLANG_WARN_DOCUMENTATION_COMMENTS = YES;
				CLANG_WARN_EMPTY_BODY = YES;
				CLANG_WARN_ENUM_CONVERSION = YES;
				CLANG_WARN_INFINITE_RECURSION = YES;
				CLANG_WARN_INT_CONVERSION = YES;
				CLANG_WARN_NON_LITERAL_NULL_CONVERSION = YES;
				CLANG_WARN_OBJC_IMPLICIT_RETAIN_SELF = YES;
				CLANG_WARN_OBJC_LITERAL_CONVERSION = YES;
				CLANG_WARN_OBJC_ROOT_CLASS = YES_ERROR;
				CLANG_WARN_QUOTED_INCLUDE_IN_FRAMEWORK_HEADER = YES;
				CLANG_WARN_RANGE_LOOP_ANALYSIS = YES;
				CLANG_WARN_STRICT_PROTOTYPES = YES;
				CLANG_WARN_SUSPICIOUS_MOVE = YES;
				CLANG_WARN_UNGUARDED_AVAILABILITY = YES_AGGRESSIVE;
				CLANG_WARN_UNREACHABLE_CODE = YES;
				CLANG_WARN__DUPLICATE_METHOD_MATCH = YES;
				COPY_PHASE_STRIP = NO;
				DEBUG_INFORMATION_FORMAT = dwarf;
				ENABLE_STRICT_OBJC_MSGSEND = YES;
				ENABLE_TESTABILITY = YES;
				GCC_C_LANGUAGE_STANDARD = gnu11;
				GCC_DYNAMIC_NO_PIC = NO;
				GCC_NO_COMMON_BLOCKS = YES;
				GCC_OPTIMIZATION_LEVEL = 0;
				GCC_PREPROCESSOR_DEFINITIONS = (
					"DEBUG=1",
					"$(inherited)",
				);
				GCC_WARN_64_TO_32_BIT_CONVERSION = YES;
				GCC_WARN_ABOUT_RETURN_TYPE = YES_ERROR;
				GCC_WARN_UNDECLARED_SELECTOR = YES;
				GCC_WARN_UNINITIALIZED_AUTOS = YES_AGGRESSIVE;
				GCC_WARN_UNUSED_FUNCTION = YES;
				GCC_WARN_UNUSED_VARIABLE = YES;
				IPHONEOS_DEPLOYMENT_TARGET = 16.4;
				MTL_ENABLE_DEBUG_INFO = INCLUDE_SOURCE;
				MTL_FAST_MATH = YES;
				ONLY_ACTIVE_ARCH = YES;
				SDKROOT = iphoneos;
				SWIFT_ACTIVE_COMPILATION_CONDITIONS = DEBUG;
				SWIFT_OPTIMIZATION_LEVEL = "-Onone";
			};
			name = Debug;
		};
		7E9C59FE2A94BDDD00231F21 /* Release */ = {
			isa = XCBuildConfiguration;
			buildSettings = {
				ALWAYS_SEARCH_USER_PATHS = NO;
				CLANG_ANALYZER_NONNULL = YES;
				CLANG_ANALYZER_NUMBER_OBJECT_CONVERSION = YES_AGGRESSIVE;
				CLANG_CXX_LANGUAGE_STANDARD = "gnu++20";
				CLANG_ENABLE_MODULES = YES;
				CLANG_ENABLE_OBJC_ARC = YES;
				CLANG_ENABLE_OBJC_WEAK = YES;
				CLANG_WARN_BLOCK_CAPTURE_AUTORELEASING = YES;
				CLANG_WARN_BOOL_CONVERSION = YES;
				CLANG_WARN_COMMA = YES;
				CLANG_WARN_CONSTANT_CONVERSION = YES;
				CLANG_WARN_DEPRECATED_OBJC_IMPLEMENTATIONS = YES;
				CLANG_WARN_DIRECT_OBJC_ISA_USAGE = YES_ERROR;
				CLANG_WARN_DOCUMENTATION_COMMENTS = YES;
				CLANG_WARN_EMPTY_BODY = YES;
				CLANG_WARN_ENUM_CONVERSION = YES;
				CLANG_WARN_INFINITE_RECURSION = YES;
				CLANG_WARN_INT_CONVERSION = YES;
				CLANG_WARN_NON_LITERAL_NULL_CONVERSION = YES;
				CLANG_WARN_OBJC_IMPLICIT_RETAIN_SELF = YES;
				CLANG_WARN_OBJC_LITERAL_CONVERSION = YES;
				CLANG_WARN_OBJC_ROOT_CLASS = YES_ERROR;
				CLANG_WARN_QUOTED_INCLUDE_IN_FRAMEWORK_HEADER = YES;
				CLANG_WARN_RANGE_LOOP_ANALYSIS = YES;
				CLANG_WARN_STRICT_PROTOTYPES = YES;
				CLANG_WARN_SUSPICIOUS_MOVE = YES;
				CLANG_WARN_UNGUARDED_AVAILABILITY = YES_AGGRESSIVE;
				CLANG_WARN_UNREACHABLE_CODE = YES;
				CLANG_WARN__DUPLICATE_METHOD_MATCH = YES;
				COPY_PHASE_STRIP = NO;
				DEBUG_INFORMATION_FORMAT = "dwarf-with-dsym";
				ENABLE_NS_ASSERTIONS = NO;
				ENABLE_STRICT_OBJC_MSGSEND = YES;
				GCC_C_LANGUAGE_STANDARD = gnu11;
				GCC_NO_COMMON_BLOCKS = YES;
				GCC_WARN_64_TO_32_BIT_CONVERSION = YES;
				GCC_WARN_ABOUT_RETURN_TYPE = YES_ERROR;
				GCC_WARN_UNDECLARED_SELECTOR = YES;
				GCC_WARN_UNINITIALIZED_AUTOS = YES_AGGRESSIVE;
				GCC_WARN_UNUSED_FUNCTION = YES;
				GCC_WARN_UNUSED_VARIABLE = YES;
				IPHONEOS_DEPLOYMENT_TARGET = 16.4;
				MTL_ENABLE_DEBUG_INFO = NO;
				MTL_FAST_MATH = YES;
				SDKROOT = iphoneos;
				SWIFT_COMPILATION_MODE = wholemodule;
				SWIFT_OPTIMIZATION_LEVEL = "-O";
				VALIDATE_PRODUCT = YES;
			};
			name = Release;
		};
		7E9C5A002A94BDDD00231F21 /* Debug */ = {
			isa = XCBuildConfiguration;
			buildSettings = {
				ASSETCATALOG_COMPILER_APPICON_NAME = AppIcon;
				ASSETCATALOG_COMPILER_GLOBAL_ACCENT_COLOR_NAME = AccentColor;
				CODE_SIGN_STYLE = Automatic;
				CURRENT_PROJECT_VERSION = 1;
				DEVELOPMENT_ASSET_PATHS = "\"iOS Carrefour Challenge/Preview Content\"";
				DEVELOPMENT_TEAM = 9YPJ8Q5GZ7;
				ENABLE_PREVIEWS = YES;
				GENERATE_INFOPLIST_FILE = YES;
				INFOPLIST_KEY_UIApplicationSceneManifest_Generation = YES;
				INFOPLIST_KEY_UIApplicationSupportsIndirectInputEvents = YES;
				INFOPLIST_KEY_UILaunchScreen_Generation = YES;
				INFOPLIST_KEY_UISupportedInterfaceOrientations_iPad = "UIInterfaceOrientationPortrait UIInterfaceOrientationPortraitUpsideDown UIInterfaceOrientationLandscapeLeft UIInterfaceOrientationLandscapeRight";
				INFOPLIST_KEY_UISupportedInterfaceOrientations_iPhone = "UIInterfaceOrientationPortrait UIInterfaceOrientationLandscapeLeft UIInterfaceOrientationLandscapeRight";
				LD_RUNPATH_SEARCH_PATHS = (
					"$(inherited)",
					"@executable_path/Frameworks",
				);
				MARKETING_VERSION = 1.0;
				PRODUCT_BUNDLE_IDENTIFIER = "com.andMenezes.iOS-Carrefour-Challenge";
				PRODUCT_NAME = "$(TARGET_NAME)";
				SWIFT_EMIT_LOC_STRINGS = YES;
				SWIFT_VERSION = 5.0;
				TARGETED_DEVICE_FAMILY = "1,2";
			};
			name = Debug;
		};
		7E9C5A012A94BDDD00231F21 /* Release */ = {
			isa = XCBuildConfiguration;
			buildSettings = {
				ASSETCATALOG_COMPILER_APPICON_NAME = AppIcon;
				ASSETCATALOG_COMPILER_GLOBAL_ACCENT_COLOR_NAME = AccentColor;
				CODE_SIGN_STYLE = Automatic;
				CURRENT_PROJECT_VERSION = 1;
				DEVELOPMENT_ASSET_PATHS = "\"iOS Carrefour Challenge/Preview Content\"";
				DEVELOPMENT_TEAM = 9YPJ8Q5GZ7;
				ENABLE_PREVIEWS = YES;
				GENERATE_INFOPLIST_FILE = YES;
				INFOPLIST_KEY_UIApplicationSceneManifest_Generation = YES;
				INFOPLIST_KEY_UIApplicationSupportsIndirectInputEvents = YES;
				INFOPLIST_KEY_UILaunchScreen_Generation = YES;
				INFOPLIST_KEY_UISupportedInterfaceOrientations_iPad = "UIInterfaceOrientationPortrait UIInterfaceOrientationPortraitUpsideDown UIInterfaceOrientationLandscapeLeft UIInterfaceOrientationLandscapeRight";
				INFOPLIST_KEY_UISupportedInterfaceOrientations_iPhone = "UIInterfaceOrientationPortrait UIInterfaceOrientationLandscapeLeft UIInterfaceOrientationLandscapeRight";
				LD_RUNPATH_SEARCH_PATHS = (
					"$(inherited)",
					"@executable_path/Frameworks",
				);
				MARKETING_VERSION = 1.0;
				PRODUCT_BUNDLE_IDENTIFIER = "com.andMenezes.iOS-Carrefour-Challenge";
				PRODUCT_NAME = "$(TARGET_NAME)";
				SWIFT_EMIT_LOC_STRINGS = YES;
				SWIFT_VERSION = 5.0;
				TARGETED_DEVICE_FAMILY = "1,2";
			};
			name = Release;
		};
		7E9C5A032A94BDDD00231F21 /* Debug */ = {
			isa = XCBuildConfiguration;
			buildSettings = {
				ALWAYS_EMBED_SWIFT_STANDARD_LIBRARIES = YES;
				BUNDLE_LOADER = "$(TEST_HOST)";
				CODE_SIGN_STYLE = Automatic;
				CURRENT_PROJECT_VERSION = 1;
				DEVELOPMENT_TEAM = 9YPJ8Q5GZ7;
				GENERATE_INFOPLIST_FILE = YES;
				IPHONEOS_DEPLOYMENT_TARGET = 16.4;
				MARKETING_VERSION = 1.0;
				PRODUCT_BUNDLE_IDENTIFIER = "com.andMenezes.iOS-Carrefour-ChallengeTests";
				PRODUCT_NAME = "$(TARGET_NAME)";
				SWIFT_EMIT_LOC_STRINGS = NO;
				SWIFT_VERSION = 5.0;
				TARGETED_DEVICE_FAMILY = "1,2";
				TEST_HOST = "$(BUILT_PRODUCTS_DIR)/iOS Carrefour Challenge.app/$(BUNDLE_EXECUTABLE_FOLDER_PATH)/iOS Carrefour Challenge";
			};
			name = Debug;
		};
		7E9C5A042A94BDDD00231F21 /* Release */ = {
			isa = XCBuildConfiguration;
			buildSettings = {
				ALWAYS_EMBED_SWIFT_STANDARD_LIBRARIES = YES;
				BUNDLE_LOADER = "$(TEST_HOST)";
				CODE_SIGN_STYLE = Automatic;
				CURRENT_PROJECT_VERSION = 1;
				DEVELOPMENT_TEAM = 9YPJ8Q5GZ7;
				GENERATE_INFOPLIST_FILE = YES;
				IPHONEOS_DEPLOYMENT_TARGET = 16.4;
				MARKETING_VERSION = 1.0;
				PRODUCT_BUNDLE_IDENTIFIER = "com.andMenezes.iOS-Carrefour-ChallengeTests";
				PRODUCT_NAME = "$(TARGET_NAME)";
				SWIFT_EMIT_LOC_STRINGS = NO;
				SWIFT_VERSION = 5.0;
				TARGETED_DEVICE_FAMILY = "1,2";
				TEST_HOST = "$(BUILT_PRODUCTS_DIR)/iOS Carrefour Challenge.app/$(BUNDLE_EXECUTABLE_FOLDER_PATH)/iOS Carrefour Challenge";
			};
			name = Release;
		};
		7E9C5A062A94BDDD00231F21 /* Debug */ = {
			isa = XCBuildConfiguration;
			buildSettings = {
				ALWAYS_EMBED_SWIFT_STANDARD_LIBRARIES = YES;
				CODE_SIGN_STYLE = Automatic;
				CURRENT_PROJECT_VERSION = 1;
				DEVELOPMENT_TEAM = 9YPJ8Q5GZ7;
				GENERATE_INFOPLIST_FILE = YES;
				MARKETING_VERSION = 1.0;
				PRODUCT_BUNDLE_IDENTIFIER = "com.andMenezes.iOS-Carrefour-ChallengeUITests";
				PRODUCT_NAME = "$(TARGET_NAME)";
				SWIFT_EMIT_LOC_STRINGS = NO;
				SWIFT_VERSION = 5.0;
				TARGETED_DEVICE_FAMILY = "1,2";
				TEST_TARGET_NAME = "iOS Carrefour Challenge";
			};
			name = Debug;
		};
		7E9C5A072A94BDDD00231F21 /* Release */ = {
			isa = XCBuildConfiguration;
			buildSettings = {
				ALWAYS_EMBED_SWIFT_STANDARD_LIBRARIES = YES;
				CODE_SIGN_STYLE = Automatic;
				CURRENT_PROJECT_VERSION = 1;
				DEVELOPMENT_TEAM = 9YPJ8Q5GZ7;
				GENERATE_INFOPLIST_FILE = YES;
				MARKETING_VERSION = 1.0;
				PRODUCT_BUNDLE_IDENTIFIER = "com.andMenezes.iOS-Carrefour-ChallengeUITests";
				PRODUCT_NAME = "$(TARGET_NAME)";
				SWIFT_EMIT_LOC_STRINGS = NO;
				SWIFT_VERSION = 5.0;
				TARGETED_DEVICE_FAMILY = "1,2";
				TEST_TARGET_NAME = "iOS Carrefour Challenge";
			};
			name = Release;
		};
/* End XCBuildConfiguration section */

/* Begin XCConfigurationList section */
		7E9C59D62A94BDD800231F21 /* Build configuration list for PBXProject "iOS Carrefour Challenge" */ = {
			isa = XCConfigurationList;
			buildConfigurations = (
				7E9C59FD2A94BDDD00231F21 /* Debug */,
				7E9C59FE2A94BDDD00231F21 /* Release */,
			);
			defaultConfigurationIsVisible = 0;
			defaultConfigurationName = Release;
		};
		7E9C59FF2A94BDDD00231F21 /* Build configuration list for PBXNativeTarget "iOS Carrefour Challenge" */ = {
			isa = XCConfigurationList;
			buildConfigurations = (
				7E9C5A002A94BDDD00231F21 /* Debug */,
				7E9C5A012A94BDDD00231F21 /* Release */,
			);
			defaultConfigurationIsVisible = 0;
			defaultConfigurationName = Release;
		};
		7E9C5A022A94BDDD00231F21 /* Build configuration list for PBXNativeTarget "iOS Carrefour ChallengeTests" */ = {
			isa = XCConfigurationList;
			buildConfigurations = (
				7E9C5A032A94BDDD00231F21 /* Debug */,
				7E9C5A042A94BDDD00231F21 /* Release */,
			);
			defaultConfigurationIsVisible = 0;
			defaultConfigurationName = Release;
		};
		7E9C5A052A94BDDD00231F21 /* Build configuration list for PBXNativeTarget "iOS Carrefour ChallengeUITests" */ = {
			isa = XCConfigurationList;
			buildConfigurations = (
				7E9C5A062A94BDDD00231F21 /* Debug */,
				7E9C5A072A94BDDD00231F21 /* Release */,
			);
			defaultConfigurationIsVisible = 0;
			defaultConfigurationName = Release;
		};
/* End XCConfigurationList section */
	};
	rootObject = 7E9C59D32A94BDD800231F21 /* Project object */;
}
